// !$*UTF8*$!
{
	archiveVersion = 1;
	classes = {
	};
	objectVersion = 50;
	objects = {

/* Begin PBXBuildFile section */
		5D2C34C02122D642009FCEBA /* AppDelegate.swift in Sources */ = {isa = PBXBuildFile; fileRef = 5D2C34BF2122D642009FCEBA /* AppDelegate.swift */; };
		5D2C34C22122D642009FCEBA /* MCQViewController.swift in Sources */ = {isa = PBXBuildFile; fileRef = 5D2C34C12122D642009FCEBA /* MCQViewController.swift */; };
		5D2C34C52122D642009FCEBA /* Main.storyboard in Resources */ = {isa = PBXBuildFile; fileRef = 5D2C34C32122D642009FCEBA /* Main.storyboard */; };
		5D2C34C72122D644009FCEBA /* Assets.xcassets in Resources */ = {isa = PBXBuildFile; fileRef = 5D2C34C62122D644009FCEBA /* Assets.xcassets */; };
		5D2C34CA2122D644009FCEBA /* LaunchScreen.storyboard in Resources */ = {isa = PBXBuildFile; fileRef = 5D2C34C82122D644009FCEBA /* LaunchScreen.storyboard */; };
/* End PBXBuildFile section */

/* Begin PBXFileReference section */
		5D2C34BC2122D642009FCEBA /* EODAssignment.app */ = {isa = PBXFileReference; explicitFileType = wrapper.application; includeInIndex = 0; path = EODAssignment.app; sourceTree = BUILT_PRODUCTS_DIR; };
		5D2C34BF2122D642009FCEBA /* AppDelegate.swift */ = {isa = PBXFileReference; lastKnownFileType = sourcecode.swift; path = AppDelegate.swift; sourceTree = "<group>"; };
		5D2C34C12122D642009FCEBA /* MCQViewController.swift */ = {isa = PBXFileReference; lastKnownFileType = sourcecode.swift; path = MCQViewController.swift; sourceTree = "<group>"; };
		5D2C34C42122D642009FCEBA /* Base */ = {isa = PBXFileReference; lastKnownFileType = file.storyboard; name = Base; path = Base.lproj/Main.storyboard; sourceTree = "<group>"; };
		5D2C34C62122D644009FCEBA /* Assets.xcassets */ = {isa = PBXFileReference; lastKnownFileType = folder.assetcatalog; path = Assets.xcassets; sourceTree = "<group>"; };
		5D2C34C92122D644009FCEBA /* Base */ = {isa = PBXFileReference; lastKnownFileType = file.storyboard; name = Base; path = Base.lproj/LaunchScreen.storyboard; sourceTree = "<group>"; };
		5D2C34CB2122D644009FCEBA /* Info.plist */ = {isa = PBXFileReference; lastKnownFileType = text.plist.xml; path = Info.plist; sourceTree = "<group>"; };
/* End PBXFileReference section */

/* Begin PBXFrameworksBuildPhase section */
		5D2C34B92122D642009FCEBA /* Frameworks */ = {
			isa = PBXFrameworksBuildPhase;
			buildActionMask = 2147483647;
			files = (
			);
			runOnlyForDeploymentPostprocessing = 0;
		};
/* End PBXFrameworksBuildPhase section */

/* Begin PBXGroup section */
		5D2C34B32122D642009FCEBA = {
			isa = PBXGroup;
			children = (
				5D2C34BE2122D642009FCEBA /* EODAssignment */,
				5D2C34BD2122D642009FCEBA /* Products */,
			);
			sourceTree = "<group>";
		};
		5D2C34BD2122D642009FCEBA /* Products */ = {
			isa = PBXGroup;
			children = (
				5D2C34BC2122D642009FCEBA /* EODAssignment.app */,
			);
			name = Products;
			sourceTree = "<group>";
		};
		5D2C34BE2122D642009FCEBA /* EODAssignment */ = {
			isa = PBXGroup;
			children = (
				5D2C34D42122D674009FCEBA /* Base */,
				5D2C34D32122D660009FCEBA /* ViewModels */,
				5D2C34D22122D657009FCEBA /* Views */,
				5D2C34D12122D64D009FCEBA /* Model */,
			);
			path = EODAssignment;
			sourceTree = "<group>";
		};
		5D2C34D12122D64D009FCEBA /* Model */ = {
			isa = PBXGroup;
			children = (
			);
			path = Model;
			sourceTree = "<group>";
		};
		5D2C34D22122D657009FCEBA /* Views */ = {
			isa = PBXGroup;
			children = (
				5D2C34C12122D642009FCEBA /* MCQViewController.swift */,
				5D2C34C32122D642009FCEBA /* Main.storyboard */,
			);
			path = Views;
			sourceTree = "<group>";
		};
		5D2C34D32122D660009FCEBA /* ViewModels */ = {
			isa = PBXGroup;
			children = (
				5D2C34BF2122D642009FCEBA /* AppDelegate.swift */,
			);
			path = ViewModels;
			sourceTree = "<group>";
		};
		5D2C34D42122D674009FCEBA /* Base */ = {
			isa = PBXGroup;
			children = (
				5D2C34C62122D644009FCEBA /* Assets.xcassets */,
				5D2C34C82122D644009FCEBA /* LaunchScreen.storyboard */,
				5D2C34CB2122D644009FCEBA /* Info.plist */,
			);
			path = Base;
			sourceTree = "<group>";
		};
/* End PBXGroup section */

/* Begin PBXNativeTarget section */
		5D2C34BB2122D642009FCEBA /* EODAssignment */ = {
			isa = PBXNativeTarget;
			buildConfigurationList = 5D2C34CE2122D644009FCEBA /* Build configuration list for PBXNativeTarget "EODAssignment" */;
			buildPhases = (
				5D2C34B82122D642009FCEBA /* Sources */,
				5D2C34B92122D642009FCEBA /* Frameworks */,
				5D2C34BA2122D642009FCEBA /* Resources */,
			);
			buildRules = (
			);
			dependencies = (
			);
			name = EODAssignment;
			productName = EODAssignment;
			productReference = 5D2C34BC2122D642009FCEBA /* EODAssignment.app */;
			productType = "com.apple.product-type.application";
		};
/* End PBXNativeTarget section */

/* Begin PBXProject section */
		5D2C34B42122D642009FCEBA /* Project object */ = {
			isa = PBXProject;
			attributes = {
				LastSwiftUpdateCheck = 0940;
				LastUpgradeCheck = 0940;
				ORGANIZATIONNAME = CRMNEXT;
				TargetAttributes = {
					5D2C34BB2122D642009FCEBA = {
						CreatedOnToolsVersion = 9.4.1;
					};
				};
			};
			buildConfigurationList = 5D2C34B72122D642009FCEBA /* Build configuration list for PBXProject "EODAssignment" */;
			compatibilityVersion = "Xcode 9.3";
			developmentRegion = en;
			hasScannedForEncodings = 0;
			knownRegions = (
				en,
				Base,
			);
			mainGroup = 5D2C34B32122D642009FCEBA;
			productRefGroup = 5D2C34BD2122D642009FCEBA /* Products */;
			projectDirPath = "";
			projectRoot = "";
			targets = (
				5D2C34BB2122D642009FCEBA /* EODAssignment */,
			);
		};
/* End PBXProject section */

/* Begin PBXResourcesBuildPhase section */
		5D2C34BA2122D642009FCEBA /* Resources */ = {
			isa = PBXResourcesBuildPhase;
			buildActionMask = 2147483647;
			files = (
				5D2C34CA2122D644009FCEBA /* LaunchScreen.storyboard in Resources */,
				5D2C34C72122D644009FCEBA /* Assets.xcassets in Resources */,
				5D2C34C52122D642009FCEBA /* Main.storyboard in Resources */,
			);
			runOnlyForDeploymentPostprocessing = 0;
		};
/* End PBXResourcesBuildPhase section */

/* Begin PBXSourcesBuildPhase section */
		5D2C34B82122D642009FCEBA /* Sources */ = {
			isa = PBXSourcesBuildPhase;
			buildActionMask = 2147483647;
			files = (
				5D2C34C22122D642009FCEBA /* MCQViewController.swift in Sources */,
				5D2C34C02122D642009FCEBA /* AppDelegate.swift in Sources */,
			);
			runOnlyForDeploymentPostprocessing = 0;
		};
/* End PBXSourcesBuildPhase section */

/* Begin PBXVariantGroup section */
		5D2C34C32122D642009FCEBA /* Main.storyboard */ = {
			isa = PBXVariantGroup;
			children = (
				5D2C34C42122D642009FCEBA /* Base */,
			);
			name = Main.storyboard;
			sourceTree = "<group>";
		};
		5D2C34C82122D644009FCEBA /* LaunchScreen.storyboard */ = {
			isa = PBXVariantGroup;
			children = (
				5D2C34C92122D644009FCEBA /* Base */,
			);
			name = LaunchScreen.storyboard;
			sourceTree = "<group>";
		};
/* End PBXVariantGroup section */

/* Begin XCBuildConfiguration section */
		5D2C34CC2122D644009FCEBA /* Debug */ = {
			isa = XCBuildConfiguration;
			buildSettings = {
				ALWAYS_SEARCH_USER_PATHS = NO;
				CLANG_ANALYZER_NONNULL = YES;
				CLANG_ANALYZER_NUMBER_OBJECT_CONVERSION = YES_AGGRESSIVE;
				CLANG_CXX_LANGUAGE_STANDARD = "gnu++14";
				CLANG_CXX_LIBRARY = "libc++";
				CLANG_ENABLE_MODULES = YES;
				CLANG_ENABLE_OBJC_ARC = YES;
				CLANG_ENABLE_OBJC_WEAK = YES;
				CLANG_WARN_BLOCK_CAPTURE_AUTORELEASING = YES;
				CLANG_WARN_BOOL_CONVERSION = YES;
				CLANG_WARN_COMMA = YES;
				CLANG_WARN_CONSTANT_CONVERSION = YES;
				CLANG_WARN_DEPRECATED_OBJC_IMPLEMENTATIONS = YES;
				CLANG_WARN_DIRECT_OBJC_ISA_USAGE = YES_ERROR;
				CLANG_WARN_DOCUMENTATION_COMMENTS = YES;
				CLANG_WARN_EMPTY_BODY = YES;
				CLANG_WARN_ENUM_CONVERSION = YES;
				CLANG_WARN_INFINITE_RECURSION = YES;
				CLANG_WARN_INT_CONVERSION = YES;
				CLANG_WARN_NON_LITERAL_NULL_CONVERSION = YES;
				CLANG_WARN_OBJC_IMPLICIT_RETAIN_SELF = YES;
				CLANG_WARN_OBJC_LITERAL_CONVERSION = YES;
				CLANG_WARN_OBJC_ROOT_CLASS = YES_ERROR;
				CLANG_WARN_RANGE_LOOP_ANALYSIS = YES;
				CLANG_WARN_STRICT_PROTOTYPES = YES;
				CLANG_WARN_SUSPICIOUS_MOVE = YES;
				CLANG_WARN_UNGUARDED_AVAILABILITY = YES_AGGRESSIVE;
				CLANG_WARN_UNREACHABLE_CODE = YES;
				CLANG_WARN__DUPLICATE_METHOD_MATCH = YES;
				CODE_SIGN_IDENTITY = "iPhone Developer";
				COPY_PHASE_STRIP = NO;
				DEBUG_INFORMATION_FORMAT = dwarf;
				ENABLE_STRICT_OBJC_MSGSEND = YES;
				ENABLE_TESTABILITY = YES;
				GCC_C_LANGUAGE_STANDARD = gnu11;
				GCC_DYNAMIC_NO_PIC = NO;
				GCC_NO_COMMON_BLOCKS = YES;
				GCC_OPTIMIZATION_LEVEL = 0;
				GCC_PREPROCESSOR_DEFINITIONS = (
					"DEBUG=1",
					"$(inherited)",
				);
				GCC_WARN_64_TO_32_BIT_CONVERSION = YES;
				GCC_WARN_ABOUT_RETURN_TYPE = YES_ERROR;
				GCC_WARN_UNDECLARED_SELECTOR = YES;
				GCC_WARN_UNINITIALIZED_AUTOS = YES_AGGRESSIVE;
				GCC_WARN_UNUSED_FUNCTION = YES;
				GCC_WARN_UNUSED_VARIABLE = YES;
				IPHONEOS_DEPLOYMENT_TARGET = 11.4;
				MTL_ENABLE_DEBUG_INFO = YES;
				ONLY_ACTIVE_ARCH = YES;
				SDKROOT = iphoneos;
				SWIFT_ACTIVE_COMPILATION_CONDITIONS = DEBUG;
				SWIFT_OPTIMIZATION_LEVEL = "-Onone";
			};
			name = Debug;
		};
		5D2C34CD2122D644009FCEBA /* Release */ = {
			isa = XCBuildConfiguration;
			buildSettings = {
				ALWAYS_SEARCH_USER_PATHS = NO;
				CLANG_ANALYZER_NONNULL = YES;
				CLANG_ANALYZER_NUMBER_OBJECT_CONVERSION = YES_AGGRESSIVE;
				CLANG_CXX_LANGUAGE_STANDARD = "gnu++14";
				CLANG_CXX_LIBRARY = "libc++";
				CLANG_ENABLE_MODULES = YES;
				CLANG_ENABLE_OBJC_ARC = YES;
				CLANG_ENABLE_OBJC_WEAK = YES;
				CLANG_WARN_BLOCK_CAPTURE_AUTORELEASING = YES;
				CLANG_WARN_BOOL_CONVERSION = YES;
				CLANG_WARN_COMMA = YES;
				CLANG_WARN_CONSTANT_CONVERSION = YES;
				CLANG_WARN_DEPRECATED_OBJC_IMPLEMENTATIONS = YES;
				CLANG_WARN_DIRECT_OBJC_ISA_USAGE = YES_ERROR;
				CLANG_WARN_DOCUMENTATION_COMMENTS = YES;
				CLANG_WARN_EMPTY_BODY = YES;
				CLANG_WARN_ENUM_CONVERSION = YES;
				CLANG_WARN_INFINITE_RECURSION = YES;
				CLANG_WARN_INT_CONVERSION = YES;
				CLANG_WARN_NON_LITERAL_NULL_CONVERSION = YES;
				CLANG_WARN_OBJC_IMPLICIT_RETAIN_SELF = YES;
				CLANG_WARN_OBJC_LITERAL_CONVERSION = YES;
				CLANG_WARN_OBJC_ROOT_CLASS = YES_ERROR;
				CLANG_WARN_RANGE_LOOP_ANALYSIS = YES;
				CLANG_WARN_STRICT_PROTOTYPES = YES;
				CLANG_WARN_SUSPICIOUS_MOVE = YES;
				CLANG_WARN_UNGUARDED_AVAILABILITY = YES_AGGRESSIVE;
				CLANG_WARN_UNREACHABLE_CODE = YES;
				CLANG_WARN__DUPLICATE_METHOD_MATCH = YES;
				CODE_SIGN_IDENTITY = "iPhone Developer";
				COPY_PHASE_STRIP = NO;
				DEBUG_INFORMATION_FORMAT = "dwarf-with-dsym";
				ENABLE_NS_ASSERTIONS = NO;
				ENABLE_STRICT_OBJC_MSGSEND = YES;
				GCC_C_LANGUAGE_STANDARD = gnu11;
				GCC_NO_COMMON_BLOCKS = YES;
				GCC_WARN_64_TO_32_BIT_CONVERSION = YES;
				GCC_WARN_ABOUT_RETURN_TYPE = YES_ERROR;
				GCC_WARN_UNDECLARED_SELECTOR = YES;
				GCC_WARN_UNINITIALIZED_AUTOS = YES_AGGRESSIVE;
				GCC_WARN_UNUSED_FUNCTION = YES;
				GCC_WARN_UNUSED_VARIABLE = YES;
				IPHONEOS_DEPLOYMENT_TARGET = 11.4;
				MTL_ENABLE_DEBUG_INFO = NO;
				SDKROOT = iphoneos;
				SWIFT_COMPILATION_MODE = wholemodule;
				SWIFT_OPTIMIZATION_LEVEL = "-O";
				VALIDATE_PRODUCT = YES;
			};
			name = Release;
		};
		5D2C34CF2122D644009FCEBA /* Debug */ = {
			isa = XCBuildConfiguration;
			buildSettings = {
				ASSETCATALOG_COMPILER_APPICON_NAME = AppIcon;
				CODE_SIGN_STYLE = Automatic;
				DEVELOPMENT_TEAM = 2CAT792JUY;
				INFOPLIST_FILE = "$(SRCROOT)/EODAssignment/Base/Info.plist";
				LD_RUNPATH_SEARCH_PATHS = (
					"$(inherited)",
					"@executable_path/Frameworks",
				);
				PRODUCT_BUNDLE_IDENTIFIER = com.my.EODAssignment;
				PRODUCT_NAME = "$(TARGET_NAME)";
				SWIFT_VERSION = 4.0;
				TARGETED_DEVICE_FAMILY = "1,2";
			};
			name = Debug;
		};
		5D2C34D02122D644009FCEBA /* Release */ = {
			isa = XCBuildConfiguration;
			buildSettings = {
				ASSETCATALOG_COMPILER_APPICON_NAME = AppIcon;
				CODE_SIGN_STYLE = Automatic;
				DEVELOPMENT_TEAM = 2CAT792JUY;
				INFOPLIST_FILE = "$(SRCROOT)/EODAssignment/Base/Info.plist";
				LD_RUNPATH_SEARCH_PATHS = (
					"$(inherited)",
					"@executable_path/Frameworks",
				);
				PRODUCT_BUNDLE_IDENTIFIER = com.my.EODAssignment;
				PRODUCT_NAME = "$(TARGET_NAME)";
				SWIFT_VERSION = 4.0;
				TARGETED_DEVICE_FAMILY = "1,2";
			};
			name = Release;
		};
/* End XCBuildConfiguration section */

/* Begin XCConfigurationList section */
		5D2C34B72122D642009FCEBA /* Build configuration list for PBXProject "EODAssignment" */ = {
			isa = XCConfigurationList;
			buildConfigurations = (
				5D2C34CC2122D644009FCEBA /* Debug */,
				5D2C34CD2122D644009FCEBA /* Release */,
			);
			defaultConfigurationIsVisible = 0;
			defaultConfigurationName = Release;
		};
		5D2C34CE2122D644009FCEBA /* Build configuration list for PBXNativeTarget "EODAssignment" */ = {
			isa = XCConfigurationList;
			buildConfigurations = (
				5D2C34CF2122D644009FCEBA /* Debug */,
				5D2C34D02122D644009FCEBA /* Release */,
			);
			defaultConfigurationIsVisible = 0;
			defaultConfigurationName = Release;
		};
/* End XCConfigurationList section */
	};
	rootObject = 5D2C34B42122D642009FCEBA /* Project object */;
}
