// !$*UTF8*$!
{
	archiveVersion = 1;
	classes = {
	};
	objectVersion = 48;
	objects = {

/* Begin PBXBuildFile section */
		5D503D6C20BEB1100092812D /* AppDelegate.m in Sources */ = {isa = PBXBuildFile; fileRef = 5D503D6B20BEB1100092812D /* AppDelegate.m */; };
		5D503D7220BEB1100092812D /* Main.storyboard in Resources */ = {isa = PBXBuildFile; fileRef = 5D503D7020BEB1100092812D /* Main.storyboard */; };
		5D503D7420BEB1100092812D /* Assets.xcassets in Resources */ = {isa = PBXBuildFile; fileRef = 5D503D7320BEB1100092812D /* Assets.xcassets */; };
		5D503D7720BEB1100092812D /* LaunchScreen.storyboard in Resources */ = {isa = PBXBuildFile; fileRef = 5D503D7520BEB1100092812D /* LaunchScreen.storyboard */; };
		5D503D7A20BEB1100092812D /* main.m in Sources */ = {isa = PBXBuildFile; fileRef = 5D503D7920BEB1100092812D /* main.m */; };
		5D503D8920BEB1560092812D /* HPPDFImageConverter.m in Sources */ = {isa = PBXBuildFile; fileRef = 5D503D8020BEB1520092812D /* HPPDFImageConverter.m */; };
		5D503D8A20BEB1560092812D /* FolderCollectionViewCell.xib in Resources */ = {isa = PBXBuildFile; fileRef = 5D503D8320BEB1530092812D /* FolderCollectionViewCell.xib */; };
		5D503D8B20BEB1560092812D /* DocumentListVC.m in Sources */ = {isa = PBXBuildFile; fileRef = 5D503D8420BEB1540092812D /* DocumentListVC.m */; };
		5D503D8C20BEB1560092812D /* HomeViewController.m in Sources */ = {isa = PBXBuildFile; fileRef = 5D503D8620BEB1550092812D /* HomeViewController.m */; };
		5D503D8D20BEB1560092812D /* FolderCollectionViewCell.m in Sources */ = {isa = PBXBuildFile; fileRef = 5D503D8720BEB1550092812D /* FolderCollectionViewCell.m */; };
		5D503D8F20BEB3B80092812D /* CameraOverlay.xib in Resources */ = {isa = PBXBuildFile; fileRef = 5D503D8E20BEB3B80092812D /* CameraOverlay.xib */; };
		5D503D9420BEB75E0092812D /* CameraOverlay.m in Sources */ = {isa = PBXBuildFile; fileRef = 5D503D9320BEB75E0092812D /* CameraOverlay.m */; };
		5D68902620C5116700D065EF /* FileHelper.m in Sources */ = {isa = PBXBuildFile; fileRef = 5D68902520C5116700D065EF /* FileHelper.m */; };
/* End PBXBuildFile section */

/* Begin PBXFileReference section */
		5D503D6720BEB1100092812D /* HPDocumentScanner.app */ = {isa = PBXFileReference; explicitFileType = wrapper.application; includeInIndex = 0; path = HPDocumentScanner.app; sourceTree = BUILT_PRODUCTS_DIR; };
		5D503D6A20BEB1100092812D /* AppDelegate.h */ = {isa = PBXFileReference; lastKnownFileType = sourcecode.c.h; path = AppDelegate.h; sourceTree = "<group>"; };
		5D503D6B20BEB1100092812D /* AppDelegate.m */ = {isa = PBXFileReference; lastKnownFileType = sourcecode.c.objc; path = AppDelegate.m; sourceTree = "<group>"; };
		5D503D7120BEB1100092812D /* Base */ = {isa = PBXFileReference; lastKnownFileType = file.storyboard; name = Base; path = Base.lproj/Main.storyboard; sourceTree = "<group>"; };
		5D503D7320BEB1100092812D /* Assets.xcassets */ = {isa = PBXFileReference; lastKnownFileType = folder.assetcatalog; path = Assets.xcassets; sourceTree = "<group>"; };
		5D503D7620BEB1100092812D /* Base */ = {isa = PBXFileReference; lastKnownFileType = file.storyboard; name = Base; path = Base.lproj/LaunchScreen.storyboard; sourceTree = "<group>"; };
		5D503D7820BEB1100092812D /* Info.plist */ = {isa = PBXFileReference; lastKnownFileType = text.plist.xml; path = Info.plist; sourceTree = "<group>"; };
		5D503D7920BEB1100092812D /* main.m */ = {isa = PBXFileReference; lastKnownFileType = sourcecode.c.objc; path = main.m; sourceTree = "<group>"; };
		5D503D8020BEB1520092812D /* HPPDFImageConverter.m */ = {isa = PBXFileReference; fileEncoding = 4; lastKnownFileType = sourcecode.c.objc; path = HPPDFImageConverter.m; sourceTree = "<group>"; };
		5D503D8120BEB1520092812D /* HomeViewController.h */ = {isa = PBXFileReference; fileEncoding = 4; lastKnownFileType = sourcecode.c.h; path = HomeViewController.h; sourceTree = "<group>"; };
		5D503D8220BEB1530092812D /* FolderCollectionViewCell.h */ = {isa = PBXFileReference; fileEncoding = 4; lastKnownFileType = sourcecode.c.h; path = FolderCollectionViewCell.h; sourceTree = "<group>"; };
		5D503D8320BEB1530092812D /* FolderCollectionViewCell.xib */ = {isa = PBXFileReference; fileEncoding = 4; lastKnownFileType = file.xib; path = FolderCollectionViewCell.xib; sourceTree = "<group>"; };
		5D503D8420BEB1540092812D /* DocumentListVC.m */ = {isa = PBXFileReference; fileEncoding = 4; lastKnownFileType = sourcecode.c.objc; path = DocumentListVC.m; sourceTree = "<group>"; };
		5D503D8520BEB1540092812D /* HPPDFImageConverter.h */ = {isa = PBXFileReference; fileEncoding = 4; lastKnownFileType = sourcecode.c.h; path = HPPDFImageConverter.h; sourceTree = "<group>"; };
		5D503D8620BEB1550092812D /* HomeViewController.m */ = {isa = PBXFileReference; fileEncoding = 4; lastKnownFileType = sourcecode.c.objc; path = HomeViewController.m; sourceTree = "<group>"; };
		5D503D8720BEB1550092812D /* FolderCollectionViewCell.m */ = {isa = PBXFileReference; fileEncoding = 4; lastKnownFileType = sourcecode.c.objc; path = FolderCollectionViewCell.m; sourceTree = "<group>"; };
		5D503D8820BEB1560092812D /* DocumentListVC.h */ = {isa = PBXFileReference; fileEncoding = 4; lastKnownFileType = sourcecode.c.h; path = DocumentListVC.h; sourceTree = "<group>"; };
		5D503D8E20BEB3B80092812D /* CameraOverlay.xib */ = {isa = PBXFileReference; lastKnownFileType = file.xib; path = CameraOverlay.xib; sourceTree = "<group>"; };
		5D503D9220BEB75E0092812D /* CameraOverlay.h */ = {isa = PBXFileReference; lastKnownFileType = sourcecode.c.h; path = CameraOverlay.h; sourceTree = "<group>"; };
		5D503D9320BEB75E0092812D /* CameraOverlay.m */ = {isa = PBXFileReference; lastKnownFileType = sourcecode.c.objc; path = CameraOverlay.m; sourceTree = "<group>"; };
		5D68902420C5116700D065EF /* FileHelper.h */ = {isa = PBXFileReference; lastKnownFileType = sourcecode.c.h; path = FileHelper.h; sourceTree = "<group>"; };
		5D68902520C5116700D065EF /* FileHelper.m */ = {isa = PBXFileReference; lastKnownFileType = sourcecode.c.objc; path = FileHelper.m; sourceTree = "<group>"; };
/* End PBXFileReference section */

/* Begin PBXFrameworksBuildPhase section */
		5D503D6420BEB1100092812D /* Frameworks */ = {
			isa = PBXFrameworksBuildPhase;
			buildActionMask = 2147483647;
			files = (
			);
			runOnlyForDeploymentPostprocessing = 0;
		};
/* End PBXFrameworksBuildPhase section */

/* Begin PBXGroup section */
		5D4574B420C668FA00E14B7D /* Base */ = {
			isa = PBXGroup;
			children = (
				5D503D6A20BEB1100092812D /* AppDelegate.h */,
				5D503D6B20BEB1100092812D /* AppDelegate.m */,
				5D503D7020BEB1100092812D /* Main.storyboard */,
				5D503D7320BEB1100092812D /* Assets.xcassets */,
				5D503D7520BEB1100092812D /* LaunchScreen.storyboard */,
				5D503D7820BEB1100092812D /* Info.plist */,
				5D503D7920BEB1100092812D /* main.m */,
			);
			path = Base;
			sourceTree = "<group>";
		};
		5D4574B520C6692300E14B7D /* Views */ = {
			isa = PBXGroup;
			children = (
				5D503D8220BEB1530092812D /* FolderCollectionViewCell.h */,
				5D503D8720BEB1550092812D /* FolderCollectionViewCell.m */,
				5D503D8320BEB1530092812D /* FolderCollectionViewCell.xib */,
				5D503D8E20BEB3B80092812D /* CameraOverlay.xib */,
				5D503D9220BEB75E0092812D /* CameraOverlay.h */,
				5D503D9320BEB75E0092812D /* CameraOverlay.m */,
			);
			path = Views;
			sourceTree = "<group>";
		};
		5D4574B620C6694100E14B7D /* Controllers */ = {
			isa = PBXGroup;
			children = (
				5D503D8120BEB1520092812D /* HomeViewController.h */,
				5D503D8620BEB1550092812D /* HomeViewController.m */,
				5D503D8820BEB1560092812D /* DocumentListVC.h */,
				5D503D8420BEB1540092812D /* DocumentListVC.m */,
			);
			path = Controllers;
			sourceTree = "<group>";
		};
		5D4574B720C6696100E14B7D /* Utility */ = {
			isa = PBXGroup;
			children = (
				5D68902420C5116700D065EF /* FileHelper.h */,
				5D68902520C5116700D065EF /* FileHelper.m */,
				5D503D8520BEB1540092812D /* HPPDFImageConverter.h */,
				5D503D8020BEB1520092812D /* HPPDFImageConverter.m */,
			);
			path = Utility;
			sourceTree = "<group>";
		};
		5D503D5E20BEB1100092812D = {
			isa = PBXGroup;
			children = (
				5D503D6920BEB1100092812D /* HPDocumentScanner */,
				5D503D6820BEB1100092812D /* Products */,
			);
			sourceTree = "<group>";
		};
		5D503D6820BEB1100092812D /* Products */ = {
			isa = PBXGroup;
			children = (
				5D503D6720BEB1100092812D /* HPDocumentScanner.app */,
			);
			name = Products;
			sourceTree = "<group>";
		};
		5D503D6920BEB1100092812D /* HPDocumentScanner */ = {
			isa = PBXGroup;
			children = (
				5D4574B720C6696100E14B7D /* Utility */,
				5D4574B620C6694100E14B7D /* Controllers */,
				5D4574B520C6692300E14B7D /* Views */,
				5D4574B420C668FA00E14B7D /* Base */,
			);
			path = HPDocumentScanner;
			sourceTree = "<group>";
		};
/* End PBXGroup section */

/* Begin PBXNativeTarget section */
		5D503D6620BEB1100092812D /* HPDocumentScanner */ = {
			isa = PBXNativeTarget;
			buildConfigurationList = 5D503D7D20BEB1100092812D /* Build configuration list for PBXNativeTarget "HPDocumentScanner" */;
			buildPhases = (
				5D503D6320BEB1100092812D /* Sources */,
				5D503D6420BEB1100092812D /* Frameworks */,
				5D503D6520BEB1100092812D /* Resources */,
			);
			buildRules = (
			);
			dependencies = (
			);
			name = HPDocumentScanner;
			productName = KotakPOC;
			productReference = 5D503D6720BEB1100092812D /* HPDocumentScanner.app */;
			productType = "com.apple.product-type.application";
		};
/* End PBXNativeTarget section */

/* Begin PBXProject section */
		5D503D5F20BEB1100092812D /* Project object */ = {
			isa = PBXProject;
			attributes = {
				LastUpgradeCheck = 0920;
				ORGANIZATIONNAME = CRMNEXT;
				TargetAttributes = {
					5D503D6620BEB1100092812D = {
						CreatedOnToolsVersion = 9.2;
						ProvisioningStyle = Automatic;
					};
				};
			};
			buildConfigurationList = 5D503D6220BEB1100092812D /* Build configuration list for PBXProject "HPDocumentScanner" */;
			compatibilityVersion = "Xcode 8.0";
			developmentRegion = en;
			hasScannedForEncodings = 0;
			knownRegions = (
				en,
				Base,
			);
			mainGroup = 5D503D5E20BEB1100092812D;
			productRefGroup = 5D503D6820BEB1100092812D /* Products */;
			projectDirPath = "";
			projectRoot = "";
			targets = (
				5D503D6620BEB1100092812D /* HPDocumentScanner */,
			);
		};
/* End PBXProject section */

/* Begin PBXResourcesBuildPhase section */
		5D503D6520BEB1100092812D /* Resources */ = {
			isa = PBXResourcesBuildPhase;
			buildActionMask = 2147483647;
			files = (
				5D503D8A20BEB1560092812D /* FolderCollectionViewCell.xib in Resources */,
				5D503D7720BEB1100092812D /* LaunchScreen.storyboard in Resources */,
				5D503D8F20BEB3B80092812D /* CameraOverlay.xib in Resources */,
				5D503D7420BEB1100092812D /* Assets.xcassets in Resources */,
				5D503D7220BEB1100092812D /* Main.storyboard in Resources */,
			);
			runOnlyForDeploymentPostprocessing = 0;
		};
/* End PBXResourcesBuildPhase section */

/* Begin PBXSourcesBuildPhase section */
		5D503D6320BEB1100092812D /* Sources */ = {
			isa = PBXSourcesBuildPhase;
			buildActionMask = 2147483647;
			files = (
				5D503D7A20BEB1100092812D /* main.m in Sources */,
				5D503D8C20BEB1560092812D /* HomeViewController.m in Sources */,
				5D503D8B20BEB1560092812D /* DocumentListVC.m in Sources */,
				5D503D9420BEB75E0092812D /* CameraOverlay.m in Sources */,
				5D503D6C20BEB1100092812D /* AppDelegate.m in Sources */,
				5D503D8D20BEB1560092812D /* FolderCollectionViewCell.m in Sources */,
				5D503D8920BEB1560092812D /* HPPDFImageConverter.m in Sources */,
				5D68902620C5116700D065EF /* FileHelper.m in Sources */,
			);
			runOnlyForDeploymentPostprocessing = 0;
		};
/* End PBXSourcesBuildPhase section */

/* Begin PBXVariantGroup section */
		5D503D7020BEB1100092812D /* Main.storyboard */ = {
			isa = PBXVariantGroup;
			children = (
				5D503D7120BEB1100092812D /* Base */,
			);
			name = Main.storyboard;
			sourceTree = "<group>";
		};
		5D503D7520BEB1100092812D /* LaunchScreen.storyboard */ = {
			isa = PBXVariantGroup;
			children = (
				5D503D7620BEB1100092812D /* Base */,
			);
			name = LaunchScreen.storyboard;
			sourceTree = "<group>";
		};
/* End PBXVariantGroup section */

/* Begin XCBuildConfiguration section */
		5D503D7B20BEB1100092812D /* Debug */ = {
			isa = XCBuildConfiguration;
			buildSettings = {
				ALWAYS_SEARCH_USER_PATHS = NO;
				CLANG_ANALYZER_NONNULL = YES;
				CLANG_ANALYZER_NUMBER_OBJECT_CONVERSION = YES_AGGRESSIVE;
				CLANG_CXX_LANGUAGE_STANDARD = "gnu++14";
				CLANG_CXX_LIBRARY = "libc++";
				CLANG_ENABLE_MODULES = YES;
				CLANG_ENABLE_OBJC_ARC = YES;
				CLANG_WARN_BLOCK_CAPTURE_AUTORELEASING = YES;
				CLANG_WARN_BOOL_CONVERSION = YES;
				CLANG_WARN_COMMA = YES;
				CLANG_WARN_CONSTANT_CONVERSION = YES;
				CLANG_WARN_DIRECT_OBJC_ISA_USAGE = YES_ERROR;
				CLANG_WARN_DOCUMENTATION_COMMENTS = YES;
				CLANG_WARN_EMPTY_BODY = YES;
				CLANG_WARN_ENUM_CONVERSION = YES;
				CLANG_WARN_INFINITE_RECURSION = YES;
				CLANG_WARN_INT_CONVERSION = YES;
				CLANG_WARN_NON_LITERAL_NULL_CONVERSION = YES;
				CLANG_WARN_OBJC_LITERAL_CONVERSION = YES;
				CLANG_WARN_OBJC_ROOT_CLASS = YES_ERROR;
				CLANG_WARN_RANGE_LOOP_ANALYSIS = YES;
				CLANG_WARN_STRICT_PROTOTYPES = YES;
				CLANG_WARN_SUSPICIOUS_MOVE = YES;
				CLANG_WARN_UNGUARDED_AVAILABILITY = YES_AGGRESSIVE;
				CLANG_WARN_UNREACHABLE_CODE = YES;
				CLANG_WARN__DUPLICATE_METHOD_MATCH = YES;
				CODE_SIGN_IDENTITY = "iPhone Developer";
				COPY_PHASE_STRIP = NO;
				DEBUG_INFORMATION_FORMAT = dwarf;
				ENABLE_STRICT_OBJC_MSGSEND = YES;
				ENABLE_TESTABILITY = YES;
				GCC_C_LANGUAGE_STANDARD = gnu11;
				GCC_DYNAMIC_NO_PIC = NO;
				GCC_NO_COMMON_BLOCKS = YES;
				GCC_OPTIMIZATION_LEVEL = 0;
				GCC_PREPROCESSOR_DEFINITIONS = (
					"DEBUG=1",
					"$(inherited)",
				);
				GCC_WARN_64_TO_32_BIT_CONVERSION = YES;
				GCC_WARN_ABOUT_RETURN_TYPE = YES_ERROR;
				GCC_WARN_UNDECLARED_SELECTOR = YES;
				GCC_WARN_UNINITIALIZED_AUTOS = YES_AGGRESSIVE;
				GCC_WARN_UNUSED_FUNCTION = YES;
				GCC_WARN_UNUSED_VARIABLE = YES;
				IPHONEOS_DEPLOYMENT_TARGET = 11.2;
				MTL_ENABLE_DEBUG_INFO = YES;
				ONLY_ACTIVE_ARCH = YES;
				SDKROOT = iphoneos;
			};
			name = Debug;
		};
		5D503D7C20BEB1100092812D /* Release */ = {
			isa = XCBuildConfiguration;
			buildSettings = {
				ALWAYS_SEARCH_USER_PATHS = NO;
				CLANG_ANALYZER_NONNULL = YES;
				CLANG_ANALYZER_NUMBER_OBJECT_CONVERSION = YES_AGGRESSIVE;
				CLANG_CXX_LANGUAGE_STANDARD = "gnu++14";
				CLANG_CXX_LIBRARY = "libc++";
				CLANG_ENABLE_MODULES = YES;
				CLANG_ENABLE_OBJC_ARC = YES;
				CLANG_WARN_BLOCK_CAPTURE_AUTORELEASING = YES;
				CLANG_WARN_BOOL_CONVERSION = YES;
				CLANG_WARN_COMMA = YES;
				CLANG_WARN_CONSTANT_CONVERSION = YES;
				CLANG_WARN_DIRECT_OBJC_ISA_USAGE = YES_ERROR;
				CLANG_WARN_DOCUMENTATION_COMMENTS = YES;
				CLANG_WARN_EMPTY_BODY = YES;
				CLANG_WARN_ENUM_CONVERSION = YES;
				CLANG_WARN_INFINITE_RECURSION = YES;
				CLANG_WARN_INT_CONVERSION = YES;
				CLANG_WARN_NON_LITERAL_NULL_CONVERSION = YES;
				CLANG_WARN_OBJC_LITERAL_CONVERSION = YES;
				CLANG_WARN_OBJC_ROOT_CLASS = YES_ERROR;
				CLANG_WARN_RANGE_LOOP_ANALYSIS = YES;
				CLANG_WARN_STRICT_PROTOTYPES = YES;
				CLANG_WARN_SUSPICIOUS_MOVE = YES;
				CLANG_WARN_UNGUARDED_AVAILABILITY = YES_AGGRESSIVE;
				CLANG_WARN_UNREACHABLE_CODE = YES;
				CLANG_WARN__DUPLICATE_METHOD_MATCH = YES;
				CODE_SIGN_IDENTITY = "iPhone Developer";
				COPY_PHASE_STRIP = NO;
				DEBUG_INFORMATION_FORMAT = "dwarf-with-dsym";
				ENABLE_NS_ASSERTIONS = NO;
				ENABLE_STRICT_OBJC_MSGSEND = YES;
				GCC_C_LANGUAGE_STANDARD = gnu11;
				GCC_NO_COMMON_BLOCKS = YES;
				GCC_WARN_64_TO_32_BIT_CONVERSION = YES;
				GCC_WARN_ABOUT_RETURN_TYPE = YES_ERROR;
				GCC_WARN_UNDECLARED_SELECTOR = YES;
				GCC_WARN_UNINITIALIZED_AUTOS = YES_AGGRESSIVE;
				GCC_WARN_UNUSED_FUNCTION = YES;
				GCC_WARN_UNUSED_VARIABLE = YES;
				IPHONEOS_DEPLOYMENT_TARGET = 11.2;
				MTL_ENABLE_DEBUG_INFO = NO;
				SDKROOT = iphoneos;
				VALIDATE_PRODUCT = YES;
			};
			name = Release;
		};
		5D503D7E20BEB1100092812D /* Debug */ = {
			isa = XCBuildConfiguration;
			buildSettings = {
				ASSETCATALOG_COMPILER_APPICON_NAME = AppIcon;
				CODE_SIGN_STYLE = Automatic;
				DEVELOPMENT_TEAM = HUCZ5CDAB2;
				INFOPLIST_FILE = "$(SRCROOT)/HPDocumentScanner/Base/Info.plist";
				IPHONEOS_DEPLOYMENT_TARGET = 9.0;
				LD_RUNPATH_SEARCH_PATHS = "$(inherited) @executable_path/Frameworks";
				PRODUCT_BUNDLE_IDENTIFIER = com.demo.HPDocumentScanner;
				PRODUCT_NAME = "$(TARGET_NAME)";
				TARGETED_DEVICE_FAMILY = "1,2";
			};
			name = Debug;
		};
		5D503D7F20BEB1100092812D /* Release */ = {
			isa = XCBuildConfiguration;
			buildSettings = {
				ASSETCATALOG_COMPILER_APPICON_NAME = AppIcon;
				CODE_SIGN_STYLE = Automatic;
				DEVELOPMENT_TEAM = HUCZ5CDAB2;
				INFOPLIST_FILE = "$(SRCROOT)/HPDocumentScanner/Base/Info.plist";
				IPHONEOS_DEPLOYMENT_TARGET = 9.0;
				LD_RUNPATH_SEARCH_PATHS = "$(inherited) @executable_path/Frameworks";
				PRODUCT_BUNDLE_IDENTIFIER = com.demo.HPDocumentScanner;
				PRODUCT_NAME = "$(TARGET_NAME)";
				TARGETED_DEVICE_FAMILY = "1,2";
			};
			name = Release;
		};
/* End XCBuildConfiguration section */

/* Begin XCConfigurationList section */
		5D503D6220BEB1100092812D /* Build configuration list for PBXProject "HPDocumentScanner" */ = {
			isa = XCConfigurationList;
			buildConfigurations = (
				5D503D7B20BEB1100092812D /* Debug */,
				5D503D7C20BEB1100092812D /* Release */,
			);
			defaultConfigurationIsVisible = 0;
			defaultConfigurationName = Release;
		};
		5D503D7D20BEB1100092812D /* Build configuration list for PBXNativeTarget "HPDocumentScanner" */ = {
			isa = XCConfigurationList;
			buildConfigurations = (
				5D503D7E20BEB1100092812D /* Debug */,
				5D503D7F20BEB1100092812D /* Release */,
			);
			defaultConfigurationIsVisible = 0;
			defaultConfigurationName = Release;
		};
/* End XCConfigurationList section */
	};
	rootObject = 5D503D5F20BEB1100092812D /* Project object */;
}
