// !$*UTF8*$!
{
	archiveVersion = 1;
	classes = {
	};
	objectVersion = 46;
	objects = {

/* Begin PBXBuildFile section */
		B1C70CBE1CE5A155007FD475 /* AppDelegate.m in Sources */ = {isa = PBXBuildFile; fileRef = B1C70CB11CE5A155007FD475 /* AppDelegate.m */; };
		B1C70CBF1CE5A155007FD475 /* LaunchScreen.storyboard in Resources */ = {isa = PBXBuildFile; fileRef = B1C70CB21CE5A155007FD475 /* LaunchScreen.storyboard */; };
		B1C70CC01CE5A155007FD475 /* HPCollectionViewCell.m in Sources */ = {isa = PBXBuildFile; fileRef = B1C70CB51CE5A155007FD475 /* HPCollectionViewCell.m */; };
		B1C70CC11CE5A155007FD475 /* HPCollectionViewCell.xib in Resources */ = {isa = PBXBuildFile; fileRef = B1C70CB61CE5A155007FD475 /* HPCollectionViewCell.xib */; };
		B1C70CC21CE5A155007FD475 /* HPHomeViewController.m in Sources */ = {isa = PBXBuildFile; fileRef = B1C70CB81CE5A155007FD475 /* HPHomeViewController.m */; };
		B1C70CC31CE5A155007FD475 /* HPPDFImageConverter.m in Sources */ = {isa = PBXBuildFile; fileRef = B1C70CBA1CE5A155007FD475 /* HPPDFImageConverter.m */; };
		B1C70CC41CE5A155007FD475 /* HPPDFListViewController.m in Sources */ = {isa = PBXBuildFile; fileRef = B1C70CBC1CE5A155007FD475 /* HPPDFListViewController.m */; };
		B1C70CC71CE5A17B007FD475 /* main.m in Sources */ = {isa = PBXBuildFile; fileRef = B1C70CC61CE5A17B007FD475 /* main.m */; };
		B1C70CCA1CE5A198007FD475 /* Main.storyboard in Resources */ = {isa = PBXBuildFile; fileRef = B1C70CC81CE5A198007FD475 /* Main.storyboard */; };
		B1C70CCC1CE5A1B2007FD475 /* Assets.xcassets in Resources */ = {isa = PBXBuildFile; fileRef = B1C70CCB1CE5A1B2007FD475 /* Assets.xcassets */; };
		B1C70CD11CE5A651007FD475 /* Info.plist in Resources */ = {isa = PBXBuildFile; fileRef = B1C70CD01CE5A651007FD475 /* Info.plist */; };
		B1E8E0D71CE2E5C1009D9844 /* HPDocumentScannerTests.m in Sources */ = {isa = PBXBuildFile; fileRef = B1E8E0D61CE2E5C1009D9844 /* HPDocumentScannerTests.m */; };
		B1E8E0E21CE2E5C1009D9844 /* HPDocumentScannerUITests.m in Sources */ = {isa = PBXBuildFile; fileRef = B1E8E0E11CE2E5C1009D9844 /* HPDocumentScannerUITests.m */; };
/* End PBXBuildFile section */

/* Begin PBXContainerItemProxy section */
		B1E8E0D31CE2E5C1009D9844 /* PBXContainerItemProxy */ = {
			isa = PBXContainerItemProxy;
			containerPortal = B1E8E0B11CE2E5C0009D9844 /* Project object */;
			proxyType = 1;
			remoteGlobalIDString = B1E8E0B81CE2E5C0009D9844;
			remoteInfo = CradScanner;
		};
		B1E8E0DE1CE2E5C1009D9844 /* PBXContainerItemProxy */ = {
			isa = PBXContainerItemProxy;
			containerPortal = B1E8E0B11CE2E5C0009D9844 /* Project object */;
			proxyType = 1;
			remoteGlobalIDString = B1E8E0B81CE2E5C0009D9844;
			remoteInfo = CradScanner;
		};
/* End PBXContainerItemProxy section */

/* Begin PBXFileReference section */
		B1C70CB01CE5A155007FD475 /* AppDelegate.h */ = {isa = PBXFileReference; fileEncoding = 4; lastKnownFileType = sourcecode.c.h; name = AppDelegate.h; path = HPDocumentScanner/AppDelegate.h; sourceTree = SOURCE_ROOT; };
		B1C70CB11CE5A155007FD475 /* AppDelegate.m */ = {isa = PBXFileReference; fileEncoding = 4; lastKnownFileType = sourcecode.c.objc; name = AppDelegate.m; path = HPDocumentScanner/AppDelegate.m; sourceTree = SOURCE_ROOT; };
		B1C70CB31CE5A155007FD475 /* Base */ = {isa = PBXFileReference; lastKnownFileType = file.storyboard; name = Base; path = HPDocumentScanner/Base.lproj/LaunchScreen.storyboard; sourceTree = SOURCE_ROOT; };
		B1C70CB41CE5A155007FD475 /* HPCollectionViewCell.h */ = {isa = PBXFileReference; fileEncoding = 4; lastKnownFileType = sourcecode.c.h; name = HPCollectionViewCell.h; path = HPDocumentScanner/HPCollectionViewCell.h; sourceTree = SOURCE_ROOT; };
		B1C70CB51CE5A155007FD475 /* HPCollectionViewCell.m */ = {isa = PBXFileReference; fileEncoding = 4; lastKnownFileType = sourcecode.c.objc; name = HPCollectionViewCell.m; path = HPDocumentScanner/HPCollectionViewCell.m; sourceTree = SOURCE_ROOT; };
		B1C70CB61CE5A155007FD475 /* HPCollectionViewCell.xib */ = {isa = PBXFileReference; fileEncoding = 4; lastKnownFileType = file.xib; name = HPCollectionViewCell.xib; path = HPDocumentScanner/HPCollectionViewCell.xib; sourceTree = SOURCE_ROOT; };
		B1C70CB71CE5A155007FD475 /* HPHomeViewController.h */ = {isa = PBXFileReference; fileEncoding = 4; lastKnownFileType = sourcecode.c.h; name = HPHomeViewController.h; path = HPDocumentScanner/HPHomeViewController.h; sourceTree = SOURCE_ROOT; };
		B1C70CB81CE5A155007FD475 /* HPHomeViewController.m */ = {isa = PBXFileReference; fileEncoding = 4; lastKnownFileType = sourcecode.c.objc; name = HPHomeViewController.m; path = HPDocumentScanner/HPHomeViewController.m; sourceTree = SOURCE_ROOT; };
		B1C70CB91CE5A155007FD475 /* HPPDFImageConverter.h */ = {isa = PBXFileReference; fileEncoding = 4; lastKnownFileType = sourcecode.c.h; name = HPPDFImageConverter.h; path = HPDocumentScanner/HPPDFImageConverter.h; sourceTree = SOURCE_ROOT; };
		B1C70CBA1CE5A155007FD475 /* HPPDFImageConverter.m */ = {isa = PBXFileReference; fileEncoding = 4; lastKnownFileType = sourcecode.c.objc; name = HPPDFImageConverter.m; path = HPDocumentScanner/HPPDFImageConverter.m; sourceTree = SOURCE_ROOT; };
		B1C70CBB1CE5A155007FD475 /* HPPDFListViewController.h */ = {isa = PBXFileReference; fileEncoding = 4; lastKnownFileType = sourcecode.c.h; name = HPPDFListViewController.h; path = HPDocumentScanner/HPPDFListViewController.h; sourceTree = SOURCE_ROOT; };
		B1C70CBC1CE5A155007FD475 /* HPPDFListViewController.m */ = {isa = PBXFileReference; fileEncoding = 4; lastKnownFileType = sourcecode.c.objc; name = HPPDFListViewController.m; path = HPDocumentScanner/HPPDFListViewController.m; sourceTree = SOURCE_ROOT; };
		B1C70CC61CE5A17B007FD475 /* main.m */ = {isa = PBXFileReference; fileEncoding = 4; lastKnownFileType = sourcecode.c.objc; name = main.m; path = HPDocumentScanner/main.m; sourceTree = SOURCE_ROOT; };
		B1C70CC91CE5A198007FD475 /* Base */ = {isa = PBXFileReference; lastKnownFileType = file.storyboard; name = Base; path = HPDocumentScanner/Base.lproj/Main.storyboard; sourceTree = SOURCE_ROOT; };
		B1C70CCB1CE5A1B2007FD475 /* Assets.xcassets */ = {isa = PBXFileReference; lastKnownFileType = folder.assetcatalog; name = Assets.xcassets; path = HPDocumentScanner/Assets.xcassets; sourceTree = SOURCE_ROOT; };
		B1C70CD01CE5A651007FD475 /* Info.plist */ = {isa = PBXFileReference; fileEncoding = 4; lastKnownFileType = text.plist.xml; name = Info.plist; path = HPDocumentScanner/Info.plist; sourceTree = SOURCE_ROOT; };
		B1C70CD21CE5A728007FD475 /* HPDocumentScanner.app */ = {isa = PBXFileReference; explicitFileType = wrapper.application; includeInIndex = 0; path = HPDocumentScanner.app; sourceTree = BUILT_PRODUCTS_DIR; };
		B1C70CD31CE5A7B3007FD475 /* HPDocumentScanner.xctest */ = {isa = PBXFileReference; explicitFileType = wrapper.cfbundle; includeInIndex = 0; path = HPDocumentScanner.xctest; sourceTree = BUILT_PRODUCTS_DIR; };
		B1C70CD41CE5A7B3007FD475 /* HPDocumentScanner.xctest */ = {isa = PBXFileReference; explicitFileType = wrapper.cfbundle; includeInIndex = 0; path = HPDocumentScanner.xctest; sourceTree = BUILT_PRODUCTS_DIR; };
		B1E8E0D61CE2E5C1009D9844 /* HPDocumentScannerTests.m */ = {isa = PBXFileReference; lastKnownFileType = sourcecode.c.objc; name = HPDocumentScannerTests.m; path = HPDocumentScannerTests/HPDocumentScannerTests.m; sourceTree = "<group>"; };
		B1E8E0D81CE2E5C1009D9844 /* Info.plist */ = {isa = PBXFileReference; lastKnownFileType = text.plist; name = Info.plist; path = HPDocumentScannerTests/Info.plist; sourceTree = "<group>"; };
		B1E8E0E11CE2E5C1009D9844 /* HPDocumentScannerUITests.m */ = {isa = PBXFileReference; lastKnownFileType = sourcecode.c.objc; name = HPDocumentScannerUITests.m; path = HPDocumentScannerUITests/HPDocumentScannerUITests.m; sourceTree = "<group>"; };
		B1E8E0E31CE2E5C1009D9844 /* Info.plist */ = {isa = PBXFileReference; lastKnownFileType = text.plist; name = Info.plist; path = HPDocumentScannerUITests/Info.plist; sourceTree = "<group>"; };
/* End PBXFileReference section */

/* Begin PBXFrameworksBuildPhase section */
		B1E8E0B61CE2E5C0009D9844 /* Frameworks */ = {
			isa = PBXFrameworksBuildPhase;
			buildActionMask = 2147483647;
			files = (
			);
			runOnlyForDeploymentPostprocessing = 0;
		};
		B1E8E0CF1CE2E5C1009D9844 /* Frameworks */ = {
			isa = PBXFrameworksBuildPhase;
			buildActionMask = 2147483647;
			files = (
			);
			runOnlyForDeploymentPostprocessing = 0;
		};
		B1E8E0DA1CE2E5C1009D9844 /* Frameworks */ = {
			isa = PBXFrameworksBuildPhase;
			buildActionMask = 2147483647;
			files = (
			);
			runOnlyForDeploymentPostprocessing = 0;
		};
/* End PBXFrameworksBuildPhase section */

/* Begin PBXGroup section */
		B1E8E0B01CE2E5C0009D9844 = {
			isa = PBXGroup;
			children = (
				B1E8E0BB1CE2E5C1009D9844 /* HPDocumentScanner */,
				B1E8E0D51CE2E5C1009D9844 /* HPDocumentScannerTests */,
				B1E8E0E01CE2E5C1009D9844 /* HPDocumentScannerUITests */,
				B1C70CD21CE5A728007FD475 /* HPDocumentScanner.app */,
				B1C70CD31CE5A7B3007FD475 /* HPDocumentScanner.xctest */,
				B1C70CD41CE5A7B3007FD475 /* HPDocumentScanner.xctest */,
			);
			sourceTree = "<group>";
		};
		B1E8E0BB1CE2E5C1009D9844 /* HPDocumentScanner */ = {
			isa = PBXGroup;
			children = (
				B1C70CD01CE5A651007FD475 /* Info.plist */,
				B1C70CCB1CE5A1B2007FD475 /* Assets.xcassets */,
				B1C70CC81CE5A198007FD475 /* Main.storyboard */,
				B1C70CC61CE5A17B007FD475 /* main.m */,
				B1C70CB01CE5A155007FD475 /* AppDelegate.h */,
				B1C70CB11CE5A155007FD475 /* AppDelegate.m */,
				B1C70CB21CE5A155007FD475 /* LaunchScreen.storyboard */,
				B1C70CB41CE5A155007FD475 /* HPCollectionViewCell.h */,
				B1C70CB51CE5A155007FD475 /* HPCollectionViewCell.m */,
				B1C70CB61CE5A155007FD475 /* HPCollectionViewCell.xib */,
				B1C70CB71CE5A155007FD475 /* HPHomeViewController.h */,
				B1C70CB81CE5A155007FD475 /* HPHomeViewController.m */,
				B1C70CB91CE5A155007FD475 /* HPPDFImageConverter.h */,
				B1C70CBA1CE5A155007FD475 /* HPPDFImageConverter.m */,
				B1C70CBB1CE5A155007FD475 /* HPPDFListViewController.h */,
				B1C70CBC1CE5A155007FD475 /* HPPDFListViewController.m */,
				B1E8E0BC1CE2E5C1009D9844 /* Supporting Files */,
			);
			name = HPDocumentScanner;
			path = CradScanner;
			sourceTree = "<group>";
		};
		B1E8E0BC1CE2E5C1009D9844 /* Supporting Files */ = {
			isa = PBXGroup;
			children = (
			);
			name = "Supporting Files";
			sourceTree = "<group>";
		};
		B1E8E0D51CE2E5C1009D9844 /* HPDocumentScannerTests */ = {
			isa = PBXGroup;
			children = (
				B1E8E0D61CE2E5C1009D9844 /* HPDocumentScannerTests.m */,
				B1E8E0D81CE2E5C1009D9844 /* Info.plist */,
			);
			name = HPDocumentScannerTests;
			path = CradScannerTests;
			sourceTree = "<group>";
		};
		B1E8E0E01CE2E5C1009D9844 /* HPDocumentScannerUITests */ = {
			isa = PBXGroup;
			children = (
				B1E8E0E11CE2E5C1009D9844 /* HPDocumentScannerUITests.m */,
				B1E8E0E31CE2E5C1009D9844 /* Info.plist */,
			);
			name = HPDocumentScannerUITests;
			path = CradScannerUITests;
			sourceTree = "<group>";
		};
/* End PBXGroup section */

/* Begin PBXNativeTarget section */
		B1E8E0B81CE2E5C0009D9844 /* HPDocumentScanner */ = {
			isa = PBXNativeTarget;
			buildConfigurationList = B1E8E0E61CE2E5C1009D9844 /* Build configuration list for PBXNativeTarget "HPDocumentScanner" */;
			buildPhases = (
				B1E8E0B51CE2E5C0009D9844 /* Sources */,
				B1E8E0B61CE2E5C0009D9844 /* Frameworks */,
				B1E8E0B71CE2E5C0009D9844 /* Resources */,
			);
			buildRules = (
			);
			dependencies = (
			);
			name = HPDocumentScanner;
			productName = CradScanner;
			productReference = B1C70CD21CE5A728007FD475 /* HPDocumentScanner.app */;
			productType = "com.apple.product-type.application";
		};
		B1E8E0D11CE2E5C1009D9844 /* HPDocumentScannerTests */ = {
			isa = PBXNativeTarget;
			buildConfigurationList = B1E8E0E91CE2E5C1009D9844 /* Build configuration list for PBXNativeTarget "HPDocumentScannerTests" */;
			buildPhases = (
				B1E8E0CE1CE2E5C1009D9844 /* Sources */,
				B1E8E0CF1CE2E5C1009D9844 /* Frameworks */,
				B1E8E0D01CE2E5C1009D9844 /* Resources */,
			);
			buildRules = (
			);
			dependencies = (
				B1E8E0D41CE2E5C1009D9844 /* PBXTargetDependency */,
			);
			name = HPDocumentScannerTests;
			productName = CradScannerTests;
			productReference = B1C70CD31CE5A7B3007FD475 /* HPDocumentScanner.xctest */;
			productType = "com.apple.product-type.bundle.unit-test";
		};
		B1E8E0DC1CE2E5C1009D9844 /* HPDocumentScannerUITests */ = {
			isa = PBXNativeTarget;
			buildConfigurationList = B1E8E0EC1CE2E5C1009D9844 /* Build configuration list for PBXNativeTarget "HPDocumentScannerUITests" */;
			buildPhases = (
				B1E8E0D91CE2E5C1009D9844 /* Sources */,
				B1E8E0DA1CE2E5C1009D9844 /* Frameworks */,
				B1E8E0DB1CE2E5C1009D9844 /* Resources */,
			);
			buildRules = (
			);
			dependencies = (
				B1E8E0DF1CE2E5C1009D9844 /* PBXTargetDependency */,
			);
			name = HPDocumentScannerUITests;
			productName = CradScannerUITests;
			productReference = B1C70CD41CE5A7B3007FD475 /* HPDocumentScanner.xctest */;
			productType = "com.apple.product-type.bundle.ui-testing";
		};
/* End PBXNativeTarget section */

/* Begin PBXProject section */
		B1E8E0B11CE2E5C0009D9844 /* Project object */ = {
			isa = PBXProject;
			attributes = {
				LastUpgradeCheck = 0730;
				ORGANIZATIONNAME = ASPL;
				TargetAttributes = {
					B1E8E0B81CE2E5C0009D9844 = {
						CreatedOnToolsVersion = 7.3;
						DevelopmentTeam = 8Z3NJ84MJU;
					};
					B1E8E0D11CE2E5C1009D9844 = {
						CreatedOnToolsVersion = 7.3;
						TestTargetID = B1E8E0B81CE2E5C0009D9844;
					};
					B1E8E0DC1CE2E5C1009D9844 = {
						CreatedOnToolsVersion = 7.3;
						TestTargetID = B1E8E0B81CE2E5C0009D9844;
					};
				};
			};
			buildConfigurationList = B1E8E0B41CE2E5C0009D9844 /* Build configuration list for PBXProject "HPDocumentScanner" */;
			compatibilityVersion = "Xcode 3.2";
			developmentRegion = English;
			hasScannedForEncodings = 0;
			knownRegions = (
				en,
				Base,
			);
			mainGroup = B1E8E0B01CE2E5C0009D9844;
			productRefGroup = B1E8E0B01CE2E5C0009D9844;
			projectDirPath = "";
			projectRoot = "";
			targets = (
				B1E8E0B81CE2E5C0009D9844 /* HPDocumentScanner */,
				B1E8E0D11CE2E5C1009D9844 /* HPDocumentScannerTests */,
				B1E8E0DC1CE2E5C1009D9844 /* HPDocumentScannerUITests */,
			);
		};
/* End PBXProject section */

/* Begin PBXResourcesBuildPhase section */
		B1E8E0B71CE2E5C0009D9844 /* Resources */ = {
			isa = PBXResourcesBuildPhase;
			buildActionMask = 2147483647;
			files = (
				B1C70CC11CE5A155007FD475 /* HPCollectionViewCell.xib in Resources */,
				B1C70CCA1CE5A198007FD475 /* Main.storyboard in Resources */,
				B1C70CBF1CE5A155007FD475 /* LaunchScreen.storyboard in Resources */,
				B1C70CD11CE5A651007FD475 /* Info.plist in Resources */,
				B1C70CCC1CE5A1B2007FD475 /* Assets.xcassets in Resources */,
			);
			runOnlyForDeploymentPostprocessing = 0;
		};
		B1E8E0D01CE2E5C1009D9844 /* Resources */ = {
			isa = PBXResourcesBuildPhase;
			buildActionMask = 2147483647;
			files = (
			);
			runOnlyForDeploymentPostprocessing = 0;
		};
		B1E8E0DB1CE2E5C1009D9844 /* Resources */ = {
			isa = PBXResourcesBuildPhase;
			buildActionMask = 2147483647;
			files = (
			);
			runOnlyForDeploymentPostprocessing = 0;
		};
/* End PBXResourcesBuildPhase section */

/* Begin PBXSourcesBuildPhase section */
		B1E8E0B51CE2E5C0009D9844 /* Sources */ = {
			isa = PBXSourcesBuildPhase;
			buildActionMask = 2147483647;
			files = (
				B1C70CC31CE5A155007FD475 /* HPPDFImageConverter.m in Sources */,
				B1C70CBE1CE5A155007FD475 /* AppDelegate.m in Sources */,
				B1C70CC21CE5A155007FD475 /* HPHomeViewController.m in Sources */,
				B1C70CC01CE5A155007FD475 /* HPCollectionViewCell.m in Sources */,
				B1C70CC71CE5A17B007FD475 /* main.m in Sources */,
				B1C70CC41CE5A155007FD475 /* HPPDFListViewController.m in Sources */,
			);
			runOnlyForDeploymentPostprocessing = 0;
		};
		B1E8E0CE1CE2E5C1009D9844 /* Sources */ = {
			isa = PBXSourcesBuildPhase;
			buildActionMask = 2147483647;
			files = (
				B1E8E0D71CE2E5C1009D9844 /* HPDocumentScannerTests.m in Sources */,
			);
			runOnlyForDeploymentPostprocessing = 0;
		};
		B1E8E0D91CE2E5C1009D9844 /* Sources */ = {
			isa = PBXSourcesBuildPhase;
			buildActionMask = 2147483647;
			files = (
				B1E8E0E21CE2E5C1009D9844 /* HPDocumentScannerUITests.m in Sources */,
			);
			runOnlyForDeploymentPostprocessing = 0;
		};
/* End PBXSourcesBuildPhase section */

/* Begin PBXTargetDependency section */
		B1E8E0D41CE2E5C1009D9844 /* PBXTargetDependency */ = {
			isa = PBXTargetDependency;
			target = B1E8E0B81CE2E5C0009D9844 /* HPDocumentScanner */;
			targetProxy = B1E8E0D31CE2E5C1009D9844 /* PBXContainerItemProxy */;
		};
		B1E8E0DF1CE2E5C1009D9844 /* PBXTargetDependency */ = {
			isa = PBXTargetDependency;
			target = B1E8E0B81CE2E5C0009D9844 /* HPDocumentScanner */;
			targetProxy = B1E8E0DE1CE2E5C1009D9844 /* PBXContainerItemProxy */;
		};
/* End PBXTargetDependency section */

/* Begin PBXVariantGroup section */
		B1C70CB21CE5A155007FD475 /* LaunchScreen.storyboard */ = {
			isa = PBXVariantGroup;
			children = (
				B1C70CB31CE5A155007FD475 /* Base */,
			);
			name = LaunchScreen.storyboard;
			sourceTree = "<group>";
		};
		B1C70CC81CE5A198007FD475 /* Main.storyboard */ = {
			isa = PBXVariantGroup;
			children = (
				B1C70CC91CE5A198007FD475 /* Base */,
			);
			name = Main.storyboard;
			sourceTree = "<group>";
		};
/* End PBXVariantGroup section */

/* Begin XCBuildConfiguration section */
		B1E8E0E41CE2E5C1009D9844 /* Debug */ = {
			isa = XCBuildConfiguration;
			buildSettings = {
				ALWAYS_SEARCH_USER_PATHS = NO;
				CLANG_ANALYZER_NONNULL = YES;
				CLANG_CXX_LANGUAGE_STANDARD = "gnu++0x";
				CLANG_CXX_LIBRARY = "libc++";
				CLANG_ENABLE_MODULES = YES;
				CLANG_ENABLE_OBJC_ARC = YES;
				CLANG_WARN_BOOL_CONVERSION = YES;
				CLANG_WARN_CONSTANT_CONVERSION = YES;
				CLANG_WARN_DIRECT_OBJC_ISA_USAGE = YES_ERROR;
				CLANG_WARN_EMPTY_BODY = YES;
				CLANG_WARN_ENUM_CONVERSION = YES;
				CLANG_WARN_INT_CONVERSION = YES;
				CLANG_WARN_OBJC_ROOT_CLASS = YES_ERROR;
				CLANG_WARN_UNREACHABLE_CODE = YES;
				CLANG_WARN__DUPLICATE_METHOD_MATCH = YES;
				"CODE_SIGN_IDENTITY[sdk=iphoneos*]" = "iPhone Developer";
				COPY_PHASE_STRIP = NO;
				DEBUG_INFORMATION_FORMAT = dwarf;
				ENABLE_STRICT_OBJC_MSGSEND = YES;
				ENABLE_TESTABILITY = YES;
				GCC_C_LANGUAGE_STANDARD = gnu99;
				GCC_DYNAMIC_NO_PIC = NO;
				GCC_NO_COMMON_BLOCKS = YES;
				GCC_OPTIMIZATION_LEVEL = 0;
				GCC_PREPROCESSOR_DEFINITIONS = (
					"DEBUG=1",
					"$(inherited)",
				);
				GCC_WARN_64_TO_32_BIT_CONVERSION = YES;
				GCC_WARN_ABOUT_RETURN_TYPE = YES_ERROR;
				GCC_WARN_UNDECLARED_SELECTOR = YES;
				GCC_WARN_UNINITIALIZED_AUTOS = YES_AGGRESSIVE;
				GCC_WARN_UNUSED_FUNCTION = YES;
				GCC_WARN_UNUSED_VARIABLE = YES;
				IPHONEOS_DEPLOYMENT_TARGET = 8.1;
				MTL_ENABLE_DEBUG_INFO = YES;
				ONLY_ACTIVE_ARCH = YES;
				SDKROOT = iphoneos;
				TARGETED_DEVICE_FAMILY = "1,2";
			};
			name = Debug;
		};
		B1E8E0E51CE2E5C1009D9844 /* Release */ = {
			isa = XCBuildConfiguration;
			buildSettings = {
				ALWAYS_SEARCH_USER_PATHS = NO;
				CLANG_ANALYZER_NONNULL = YES;
				CLANG_CXX_LANGUAGE_STANDARD = "gnu++0x";
				CLANG_CXX_LIBRARY = "libc++";
				CLANG_ENABLE_MODULES = YES;
				CLANG_ENABLE_OBJC_ARC = YES;
				CLANG_WARN_BOOL_CONVERSION = YES;
				CLANG_WARN_CONSTANT_CONVERSION = YES;
				CLANG_WARN_DIRECT_OBJC_ISA_USAGE = YES_ERROR;
				CLANG_WARN_EMPTY_BODY = YES;
				CLANG_WARN_ENUM_CONVERSION = YES;
				CLANG_WARN_INT_CONVERSION = YES;
				CLANG_WARN_OBJC_ROOT_CLASS = YES_ERROR;
				CLANG_WARN_UNREACHABLE_CODE = YES;
				CLANG_WARN__DUPLICATE_METHOD_MATCH = YES;
				"CODE_SIGN_IDENTITY[sdk=iphoneos*]" = "iPhone Developer";
				COPY_PHASE_STRIP = NO;
				DEBUG_INFORMATION_FORMAT = "dwarf-with-dsym";
				ENABLE_NS_ASSERTIONS = NO;
				ENABLE_STRICT_OBJC_MSGSEND = YES;
				GCC_C_LANGUAGE_STANDARD = gnu99;
				GCC_NO_COMMON_BLOCKS = YES;
				GCC_WARN_64_TO_32_BIT_CONVERSION = YES;
				GCC_WARN_ABOUT_RETURN_TYPE = YES_ERROR;
				GCC_WARN_UNDECLARED_SELECTOR = YES;
				GCC_WARN_UNINITIALIZED_AUTOS = YES_AGGRESSIVE;
				GCC_WARN_UNUSED_FUNCTION = YES;
				GCC_WARN_UNUSED_VARIABLE = YES;
				IPHONEOS_DEPLOYMENT_TARGET = 8.1;
				MTL_ENABLE_DEBUG_INFO = NO;
				SDKROOT = iphoneos;
				TARGETED_DEVICE_FAMILY = "1,2";
				VALIDATE_PRODUCT = YES;
			};
			name = Release;
		};
		B1E8E0E71CE2E5C1009D9844 /* Debug */ = {
			isa = XCBuildConfiguration;
			buildSettings = {
				ASSETCATALOG_COMPILER_APPICON_NAME = AppIcon;
				CODE_SIGN_IDENTITY = "iPhone Developer";
				"CODE_SIGN_IDENTITY[sdk=iphoneos*]" = "iPhone Developer";
				INFOPLIST_FILE = "$(SRCROOT)/HPDocumentScanner/Info.plist";
				IPHONEOS_DEPLOYMENT_TARGET = 8.1;
				LD_RUNPATH_SEARCH_PATHS = "$(inherited) @executable_path/Frameworks";
				PRODUCT_BUNDLE_IDENTIFIER = com.crmnext.HPDocumentScanner;
				PRODUCT_NAME = HPDocumentScanner;
				PROVISIONING_PROFILE = "";
			};
			name = Debug;
		};
		B1E8E0E81CE2E5C1009D9844 /* Release */ = {
			isa = XCBuildConfiguration;
			buildSettings = {
				ASSETCATALOG_COMPILER_APPICON_NAME = AppIcon;
				CODE_SIGN_IDENTITY = "iPhone Developer";
				"CODE_SIGN_IDENTITY[sdk=iphoneos*]" = "iPhone Developer";
				INFOPLIST_FILE = "$(SRCROOT)/HPDocumentScanner/Info.plist";
				IPHONEOS_DEPLOYMENT_TARGET = 8.1;
				LD_RUNPATH_SEARCH_PATHS = "$(inherited) @executable_path/Frameworks";
				PRODUCT_BUNDLE_IDENTIFIER = com.crmnext.HPDocumentScanner;
				PRODUCT_NAME = HPDocumentScanner;
				PROVISIONING_PROFILE = "";
			};
			name = Release;
		};
		B1E8E0EA1CE2E5C1009D9844 /* Debug */ = {
			isa = XCBuildConfiguration;
			buildSettings = {
				BUNDLE_LOADER = "$(TEST_HOST)";
				INFOPLIST_FILE = CradScannerTests/Info.plist;
				LD_RUNPATH_SEARCH_PATHS = "$(inherited) @executable_path/Frameworks @loader_path/Frameworks";
				PRODUCT_BUNDLE_IDENTIFIER = com.crmnext.CradScannerTests;
				PRODUCT_NAME = HPDocumentScanner;
				TEST_HOST = "$(BUILT_PRODUCTS_DIR)/HPDocumentScanner.app/HPDocumentScanner";
			};
			name = Debug;
		};
		B1E8E0EB1CE2E5C1009D9844 /* Release */ = {
			isa = XCBuildConfiguration;
			buildSettings = {
				BUNDLE_LOADER = "$(TEST_HOST)";
				INFOPLIST_FILE = CradScannerTests/Info.plist;
				LD_RUNPATH_SEARCH_PATHS = "$(inherited) @executable_path/Frameworks @loader_path/Frameworks";
				PRODUCT_BUNDLE_IDENTIFIER = com.crmnext.CradScannerTests;
				PRODUCT_NAME = HPDocumentScanner;
				TEST_HOST = "$(BUILT_PRODUCTS_DIR)/HPDocumentScanner.app/HPDocumentScanner";
			};
			name = Release;
		};
		B1E8E0ED1CE2E5C1009D9844 /* Debug */ = {
			isa = XCBuildConfiguration;
			buildSettings = {
				INFOPLIST_FILE = CradScannerUITests/Info.plist;
				LD_RUNPATH_SEARCH_PATHS = "$(inherited) @executable_path/Frameworks @loader_path/Frameworks";
				PRODUCT_BUNDLE_IDENTIFIER = com.crmnext.CradScannerUITests;
				PRODUCT_NAME = HPDocumentScanner;
				TEST_TARGET_NAME = CradScanner;
			};
			name = Debug;
		};
		B1E8E0EE1CE2E5C1009D9844 /* Release */ = {
			isa = XCBuildConfiguration;
			buildSettings = {
				INFOPLIST_FILE = CradScannerUITests/Info.plist;
				LD_RUNPATH_SEARCH_PATHS = "$(inherited) @executable_path/Frameworks @loader_path/Frameworks";
				PRODUCT_BUNDLE_IDENTIFIER = com.crmnext.CradScannerUITests;
				PRODUCT_NAME = HPDocumentScanner;
				TEST_TARGET_NAME = CradScanner;
			};
			name = Release;
		};
/* End XCBuildConfiguration section */

/* Begin XCConfigurationList section */
		B1E8E0B41CE2E5C0009D9844 /* Build configuration list for PBXProject "HPDocumentScanner" */ = {
			isa = XCConfigurationList;
			buildConfigurations = (
				B1E8E0E41CE2E5C1009D9844 /* Debug */,
				B1E8E0E51CE2E5C1009D9844 /* Release */,
			);
			defaultConfigurationIsVisible = 0;
			defaultConfigurationName = Release;
		};
		B1E8E0E61CE2E5C1009D9844 /* Build configuration list for PBXNativeTarget "HPDocumentScanner" */ = {
			isa = XCConfigurationList;
			buildConfigurations = (
				B1E8E0E71CE2E5C1009D9844 /* Debug */,
				B1E8E0E81CE2E5C1009D9844 /* Release */,
			);
			defaultConfigurationIsVisible = 0;
			defaultConfigurationName = Release;
		};
		B1E8E0E91CE2E5C1009D9844 /* Build configuration list for PBXNativeTarget "HPDocumentScannerTests" */ = {
			isa = XCConfigurationList;
			buildConfigurations = (
				B1E8E0EA1CE2E5C1009D9844 /* Debug */,
				B1E8E0EB1CE2E5C1009D9844 /* Release */,
			);
			defaultConfigurationIsVisible = 0;
			defaultConfigurationName = Release;
		};
		B1E8E0EC1CE2E5C1009D9844 /* Build configuration list for PBXNativeTarget "HPDocumentScannerUITests" */ = {
			isa = XCConfigurationList;
			buildConfigurations = (
				B1E8E0ED1CE2E5C1009D9844 /* Debug */,
				B1E8E0EE1CE2E5C1009D9844 /* Release */,
			);
			defaultConfigurationIsVisible = 0;
			defaultConfigurationName = Release;
		};
/* End XCConfigurationList section */
	};
	rootObject = B1E8E0B11CE2E5C0009D9844 /* Project object */;
}
